
Microsoft Visual Studio Solution File, Format Version 12.00
# Visual Studio Version 16
VisualStudioVersion = 16.0.31702.278
MinimumVisualStudioVersion = 10.0.40219.1
Project("{FAE04EC0-301F-11D3-BF4B-00C04F79EFBC}") = "Matrix", "Matrix\Matrix.csproj", "{8330ABD3-0A2E-4640-BCDA-9F6ABEABA094}"
EndProject
Global
	GlobalSection(SolutionConfigurationPlatforms) = preSolution
		Debug|Any CPU = Debug|Any CPU
		Release|Any CPU = Release|Any CPU
	EndGlobalSection
	GlobalSection(ProjectConfigurationPlatforms) = postSolution
		{8330ABD3-0A2E-4640-BCDA-9F6ABEABA094}.Debug|Any CPU.ActiveCfg = Debug|Any CPU
		{8330ABD3-0A2E-4640-BCDA-9F6ABEABA094}.Debug|Any CPU.Build.0 = Debug|Any CPU
		{8330ABD3-0A2E-4640-BCDA-9F6ABEABA094}.Release|Any CPU.ActiveCfg = Release|Any CPU
		{8330ABD3-0A2E-4640-BCDA-9F6ABEABA094}.Release|Any CPU.Build.0 = Release|Any CPU
	EndGlobalSection
	GlobalSection(SolutionProperties) = preSolution
		HideSolutionNode = FALSE
	EndGlobalSection
	GlobalSection(ExtensibilityGlobals) = postSolution
		SolutionGuid = {714307E8-5B36-4C55-891C-5F60CDCAF1B9}
	EndGlobalSection
EndGlobal
